// !$*UTF8*$!
{
	archiveVersion = 1;
	classes = {
	};
	objectVersion = 55;
	objects = {

/* Begin PBXBuildFile section */
		96FF2ED427E87A55001F7E60 /* AppDelegate.swift in Sources */ = {isa = PBXBuildFile; fileRef = 96FF2ED327E87A55001F7E60 /* AppDelegate.swift */; };
		96FF2ED627E87A55001F7E60 /* SceneDelegate.swift in Sources */ = {isa = PBXBuildFile; fileRef = 96FF2ED527E87A55001F7E60 /* SceneDelegate.swift */; };
		96FF2ED827E87A55001F7E60 /* ViewController.swift in Sources */ = {isa = PBXBuildFile; fileRef = 96FF2ED727E87A55001F7E60 /* ViewController.swift */; };
		96FF2EDB27E87A55001F7E60 /* Main.storyboard in Resources */ = {isa = PBXBuildFile; fileRef = 96FF2ED927E87A55001F7E60 /* Main.storyboard */; };
		96FF2EDD27E87A5A001F7E60 /* Assets.xcassets in Resources */ = {isa = PBXBuildFile; fileRef = 96FF2EDC27E87A5A001F7E60 /* Assets.xcassets */; };
		96FF2EE027E87A5A001F7E60 /* LaunchScreen.storyboard in Resources */ = {isa = PBXBuildFile; fileRef = 96FF2EDE27E87A5A001F7E60 /* LaunchScreen.storyboard */; };
		96FF2EE927E87AA6001F7E60 /* Apollo in Frameworks */ = {isa = PBXBuildFile; productRef = 96FF2EE827E87AA6001F7E60 /* Apollo */; };
		96FF2EEB27E87AA6001F7E60 /* Apollo-Dynamic in Frameworks */ = {isa = PBXBuildFile; productRef = 96FF2EEA27E87AA6001F7E60 /* Apollo-Dynamic */; };
		96FF2EED27E87AA6001F7E60 /* ApolloAPI in Frameworks */ = {isa = PBXBuildFile; productRef = 96FF2EEC27E87AA6001F7E60 /* ApolloAPI */; };
		96FF2EEF27E87AA6001F7E60 /* ApolloCodegenLib in Frameworks */ = {isa = PBXBuildFile; productRef = 96FF2EEE27E87AA6001F7E60 /* ApolloCodegenLib */; };
		96FF2EF127E87AA6001F7E60 /* ApolloSQLite in Frameworks */ = {isa = PBXBuildFile; productRef = 96FF2EF027E87AA6001F7E60 /* ApolloSQLite */; };
		96FF2EF327E87AA6001F7E60 /* ApolloUtils in Frameworks */ = {isa = PBXBuildFile; productRef = 96FF2EF227E87AA6001F7E60 /* ApolloUtils */; };
		96FF2EF527E87AA6001F7E60 /* ApolloWebSocket in Frameworks */ = {isa = PBXBuildFile; productRef = 96FF2EF427E87AA6001F7E60 /* ApolloWebSocket */; };
		96FF2EF727E8E5E8001F7E60 /* PromiscuousURLSessionClient.swift in Sources */ = {isa = PBXBuildFile; fileRef = 96FF2EF627E8E5E7001F7E60 /* PromiscuousURLSessionClient.swift */; };
		96FF2EF927E8E61C001F7E60 /* Data+Extension.swift in Sources */ = {isa = PBXBuildFile; fileRef = 96FF2EF827E8E61C001F7E60 /* Data+Extension.swift */; };
		96FF2EFB27E8EF53001F7E60 /* GraphQLNetworkManager.swift in Sources */ = {isa = PBXBuildFile; fileRef = 96FF2EFA27E8EF53001F7E60 /* GraphQLNetworkManager.swift */; };
		96FF2F0227E8F3F1001F7E60 /* Queries.graphql in Resources */ = {isa = PBXBuildFile; fileRef = 96FF2EFE27E8F3F1001F7E60 /* Queries.graphql */; };
		96FF2F0427E8F3F1001F7E60 /* API.swift in Sources */ = {isa = PBXBuildFile; fileRef = 96FF2F0027E8F3F1001F7E60 /* API.swift */; };
/* End PBXBuildFile section */

/* Begin PBXFileReference section */
		96FF2ED027E87A55001F7E60 /* CertificatePinningGraphQL.app */ = {isa = PBXFileReference; explicitFileType = wrapper.application; includeInIndex = 0; path = CertificatePinningGraphQL.app; sourceTree = BUILT_PRODUCTS_DIR; };
		96FF2ED327E87A55001F7E60 /* AppDelegate.swift */ = {isa = PBXFileReference; lastKnownFileType = sourcecode.swift; path = AppDelegate.swift; sourceTree = "<group>"; };
		96FF2ED527E87A55001F7E60 /* SceneDelegate.swift */ = {isa = PBXFileReference; lastKnownFileType = sourcecode.swift; path = SceneDelegate.swift; sourceTree = "<group>"; };
		96FF2ED727E87A55001F7E60 /* ViewController.swift */ = {isa = PBXFileReference; lastKnownFileType = sourcecode.swift; path = ViewController.swift; sourceTree = "<group>"; };
		96FF2EDA27E87A55001F7E60 /* Base */ = {isa = PBXFileReference; lastKnownFileType = file.storyboard; name = Base; path = Base.lproj/Main.storyboard; sourceTree = "<group>"; };
		96FF2EDC27E87A5A001F7E60 /* Assets.xcassets */ = {isa = PBXFileReference; lastKnownFileType = folder.assetcatalog; path = Assets.xcassets; sourceTree = "<group>"; };
		96FF2EDF27E87A5A001F7E60 /* Base */ = {isa = PBXFileReference; lastKnownFileType = file.storyboard; name = Base; path = Base.lproj/LaunchScreen.storyboard; sourceTree = "<group>"; };
		96FF2EE127E87A5A001F7E60 /* Info.plist */ = {isa = PBXFileReference; lastKnownFileType = text.plist.xml; path = Info.plist; sourceTree = "<group>"; };
		96FF2EF627E8E5E7001F7E60 /* PromiscuousURLSessionClient.swift */ = {isa = PBXFileReference; fileEncoding = 4; lastKnownFileType = sourcecode.swift; path = PromiscuousURLSessionClient.swift; sourceTree = "<group>"; };
		96FF2EF827E8E61C001F7E60 /* Data+Extension.swift */ = {isa = PBXFileReference; fileEncoding = 4; lastKnownFileType = sourcecode.swift; path = "Data+Extension.swift"; sourceTree = "<group>"; };
		96FF2EFA27E8EF53001F7E60 /* GraphQLNetworkManager.swift */ = {isa = PBXFileReference; fileEncoding = 4; lastKnownFileType = sourcecode.swift; path = GraphQLNetworkManager.swift; sourceTree = "<group>"; };
		96FF2EFE27E8F3F1001F7E60 /* Queries.graphql */ = {isa = PBXFileReference; fileEncoding = 4; lastKnownFileType = text; path = Queries.graphql; sourceTree = "<group>"; };
		96FF2F0027E8F3F1001F7E60 /* API.swift */ = {isa = PBXFileReference; fileEncoding = 4; lastKnownFileType = sourcecode.swift; path = API.swift; sourceTree = "<group>"; };
/* End PBXFileReference section */

/* Begin PBXFrameworksBuildPhase section */
		96FF2ECD27E87A55001F7E60 /* Frameworks */ = {
			isa = PBXFrameworksBuildPhase;
			buildActionMask = 2147483647;
			files = (
				96FF2EED27E87AA6001F7E60 /* ApolloAPI in Frameworks */,
				96FF2EE927E87AA6001F7E60 /* Apollo in Frameworks */,
				96FF2EF127E87AA6001F7E60 /* ApolloSQLite in Frameworks */,
				96FF2EEB27E87AA6001F7E60 /* Apollo-Dynamic in Frameworks */,
				96FF2EF527E87AA6001F7E60 /* ApolloWebSocket in Frameworks */,
				96FF2EEF27E87AA6001F7E60 /* ApolloCodegenLib in Frameworks */,
				96FF2EF327E87AA6001F7E60 /* ApolloUtils in Frameworks */,
			);
			runOnlyForDeploymentPostprocessing = 0;
		};
/* End PBXFrameworksBuildPhase section */

/* Begin PBXGroup section */
		966B873527E8F68400C53D66 /* GraphQLManager */ = {
			isa = PBXGroup;
			children = (
				96FF2EFA27E8EF53001F7E60 /* GraphQLNetworkManager.swift */,
				96FF2EF627E8E5E7001F7E60 /* PromiscuousURLSessionClient.swift */,
				96FF2EF827E8E61C001F7E60 /* Data+Extension.swift */,
			);
			path = GraphQLManager;
			sourceTree = "<group>";
		};
		96FF2EC727E87A55001F7E60 = {
			isa = PBXGroup;
			children = (
				96FF2ED227E87A55001F7E60 /* CertificatePinningGraphQL */,
				96FF2ED127E87A55001F7E60 /* Products */,
			);
			sourceTree = "<group>";
		};
		96FF2ED127E87A55001F7E60 /* Products */ = {
			isa = PBXGroup;
			children = (
				96FF2ED027E87A55001F7E60 /* CertificatePinningGraphQL.app */,
			);
			name = Products;
			sourceTree = "<group>";
		};
		96FF2ED227E87A55001F7E60 /* CertificatePinningGraphQL */ = {
			isa = PBXGroup;
			children = (
				96FF2ED327E87A55001F7E60 /* AppDelegate.swift */,
				96FF2ED527E87A55001F7E60 /* SceneDelegate.swift */,
				96FF2ED727E87A55001F7E60 /* ViewController.swift */,
				96FF2EFC27E8F3F1001F7E60 /* GraphQL */,
				966B873527E8F68400C53D66 /* GraphQLManager */,
				96FF2ED927E87A55001F7E60 /* Main.storyboard */,
				96FF2EDC27E87A5A001F7E60 /* Assets.xcassets */,
				96FF2EDE27E87A5A001F7E60 /* LaunchScreen.storyboard */,
				96FF2EE127E87A5A001F7E60 /* Info.plist */,
			);
			path = CertificatePinningGraphQL;
			sourceTree = "<group>";
		};
		96FF2EFC27E8F3F1001F7E60 /* GraphQL */ = {
			isa = PBXGroup;
			children = (
				96FF2EFE27E8F3F1001F7E60 /* Queries.graphql */,
				96FF2F0027E8F3F1001F7E60 /* API.swift */,
			);
			path = GraphQL;
			sourceTree = "<group>";
		};
/* End PBXGroup section */

/* Begin PBXNativeTarget section */
		96FF2ECF27E87A55001F7E60 /* CertificatePinningGraphQL */ = {
			isa = PBXNativeTarget;
			buildConfigurationList = 96FF2EE427E87A5A001F7E60 /* Build configuration list for PBXNativeTarget "CertificatePinningGraphQL" */;
			buildPhases = (
				96FF2ECC27E87A55001F7E60 /* Sources */,
				96FF2ECD27E87A55001F7E60 /* Frameworks */,
				96FF2ECE27E87A55001F7E60 /* Resources */,
			);
			buildRules = (
			);
			dependencies = (
			);
			name = CertificatePinningGraphQL;
			packageProductDependencies = (
				96FF2EE827E87AA6001F7E60 /* Apollo */,
				96FF2EEA27E87AA6001F7E60 /* Apollo-Dynamic */,
				96FF2EEC27E87AA6001F7E60 /* ApolloAPI */,
				96FF2EEE27E87AA6001F7E60 /* ApolloCodegenLib */,
				96FF2EF027E87AA6001F7E60 /* ApolloSQLite */,
				96FF2EF227E87AA6001F7E60 /* ApolloUtils */,
				96FF2EF427E87AA6001F7E60 /* ApolloWebSocket */,
			);
			productName = CertificatePinningGraphQL;
			productReference = 96FF2ED027E87A55001F7E60 /* CertificatePinningGraphQL.app */;
			productType = "com.apple.product-type.application";
		};
/* End PBXNativeTarget section */

/* Begin PBXProject section */
		96FF2EC827E87A55001F7E60 /* Project object */ = {
			isa = PBXProject;
			attributes = {
				BuildIndependentTargetsInParallel = 1;
				LastSwiftUpdateCheck = 1320;
				LastUpgradeCheck = 1320;
				TargetAttributes = {
					96FF2ECF27E87A55001F7E60 = {
						CreatedOnToolsVersion = 13.2.1;
					};
				};
			};
			buildConfigurationList = 96FF2ECB27E87A55001F7E60 /* Build configuration list for PBXProject "CertificatePinningGraphQL" */;
			compatibilityVersion = "Xcode 13.0";
			developmentRegion = en;
			hasScannedForEncodings = 0;
			knownRegions = (
				en,
				Base,
			);
			mainGroup = 96FF2EC727E87A55001F7E60;
			packageReferences = (
				96FF2EE727E87AA6001F7E60 /* XCRemoteSwiftPackageReference "apollo-ios" */,
			);
			productRefGroup = 96FF2ED127E87A55001F7E60 /* Products */;
			projectDirPath = "";
			projectRoot = "";
			targets = (
				96FF2ECF27E87A55001F7E60 /* CertificatePinningGraphQL */,
			);
		};
/* End PBXProject section */

/* Begin PBXResourcesBuildPhase section */
		96FF2ECE27E87A55001F7E60 /* Resources */ = {
			isa = PBXResourcesBuildPhase;
			buildActionMask = 2147483647;
			files = (
				96FF2EE027E87A5A001F7E60 /* LaunchScreen.storyboard in Resources */,
				96FF2EDD27E87A5A001F7E60 /* Assets.xcassets in Resources */,
				96FF2F0227E8F3F1001F7E60 /* Queries.graphql in Resources */,
				96FF2EDB27E87A55001F7E60 /* Main.storyboard in Resources */,
			);
			runOnlyForDeploymentPostprocessing = 0;
		};
/* End PBXResourcesBuildPhase section */

/* Begin PBXSourcesBuildPhase section */
		96FF2ECC27E87A55001F7E60 /* Sources */ = {
			isa = PBXSourcesBuildPhase;
			buildActionMask = 2147483647;
			files = (
				96FF2EFB27E8EF53001F7E60 /* GraphQLNetworkManager.swift in Sources */,
				96FF2ED827E87A55001F7E60 /* ViewController.swift in Sources */,
				96FF2EF727E8E5E8001F7E60 /* PromiscuousURLSessionClient.swift in Sources */,
				96FF2EF927E8E61C001F7E60 /* Data+Extension.swift in Sources */,
				96FF2ED427E87A55001F7E60 /* AppDelegate.swift in Sources */,
				96FF2F0427E8F3F1001F7E60 /* API.swift in Sources */,
				96FF2ED627E87A55001F7E60 /* SceneDelegate.swift in Sources */,
			);
			runOnlyForDeploymentPostprocessing = 0;
		};
/* End PBXSourcesBuildPhase section */

/* Begin PBXVariantGroup section */
		96FF2ED927E87A55001F7E60 /* Main.storyboard */ = {
			isa = PBXVariantGroup;
			children = (
				96FF2EDA27E87A55001F7E60 /* Base */,
			);
			name = Main.storyboard;
			sourceTree = "<group>";
		};
		96FF2EDE27E87A5A001F7E60 /* LaunchScreen.storyboard */ = {
			isa = PBXVariantGroup;
			children = (
				96FF2EDF27E87A5A001F7E60 /* Base */,
			);
			name = LaunchScreen.storyboard;
			sourceTree = "<group>";
		};
/* End PBXVariantGroup section */

/* Begin XCBuildConfiguration section */
		96FF2EE227E87A5A001F7E60 /* Debug */ = {
			isa = XCBuildConfiguration;
			buildSettings = {
				ALWAYS_SEARCH_USER_PATHS = NO;
				CLANG_ANALYZER_NONNULL = YES;
				CLANG_ANALYZER_NUMBER_OBJECT_CONVERSION = YES_AGGRESSIVE;
				CLANG_CXX_LANGUAGE_STANDARD = "gnu++17";
				CLANG_CXX_LIBRARY = "libc++";
				CLANG_ENABLE_MODULES = YES;
				CLANG_ENABLE_OBJC_ARC = YES;
				CLANG_ENABLE_OBJC_WEAK = YES;
				CLANG_WARN_BLOCK_CAPTURE_AUTORELEASING = YES;
				CLANG_WARN_BOOL_CONVERSION = YES;
				CLANG_WARN_COMMA = YES;
				CLANG_WARN_CONSTANT_CONVERSION = YES;
				CLANG_WARN_DEPRECATED_OBJC_IMPLEMENTATIONS = YES;
				CLANG_WARN_DIRECT_OBJC_ISA_USAGE = YES_ERROR;
				CLANG_WARN_DOCUMENTATION_COMMENTS = YES;
				CLANG_WARN_EMPTY_BODY = YES;
				CLANG_WARN_ENUM_CONVERSION = YES;
				CLANG_WARN_INFINITE_RECURSION = YES;
				CLANG_WARN_INT_CONVERSION = YES;
				CLANG_WARN_NON_LITERAL_NULL_CONVERSION = YES;
				CLANG_WARN_OBJC_IMPLICIT_RETAIN_SELF = YES;
				CLANG_WARN_OBJC_LITERAL_CONVERSION = YES;
				CLANG_WARN_OBJC_ROOT_CLASS = YES_ERROR;
				CLANG_WARN_QUOTED_INCLUDE_IN_FRAMEWORK_HEADER = YES;
				CLANG_WARN_RANGE_LOOP_ANALYSIS = YES;
				CLANG_WARN_STRICT_PROTOTYPES = YES;
				CLANG_WARN_SUSPICIOUS_MOVE = YES;
				CLANG_WARN_UNGUARDED_AVAILABILITY = YES_AGGRESSIVE;
				CLANG_WARN_UNREACHABLE_CODE = YES;
				CLANG_WARN__DUPLICATE_METHOD_MATCH = YES;
				COPY_PHASE_STRIP = NO;
				DEBUG_INFORMATION_FORMAT = dwarf;
				ENABLE_STRICT_OBJC_MSGSEND = YES;
				ENABLE_TESTABILITY = YES;
				GCC_C_LANGUAGE_STANDARD = gnu11;
				GCC_DYNAMIC_NO_PIC = NO;
				GCC_NO_COMMON_BLOCKS = YES;
				GCC_OPTIMIZATION_LEVEL = 0;
				GCC_PREPROCESSOR_DEFINITIONS = (
					"DEBUG=1",
					"$(inherited)",
				);
				GCC_WARN_64_TO_32_BIT_CONVERSION = YES;
				GCC_WARN_ABOUT_RETURN_TYPE = YES_ERROR;
				GCC_WARN_UNDECLARED_SELECTOR = YES;
				GCC_WARN_UNINITIALIZED_AUTOS = YES_AGGRESSIVE;
				GCC_WARN_UNUSED_FUNCTION = YES;
				GCC_WARN_UNUSED_VARIABLE = YES;
				IPHONEOS_DEPLOYMENT_TARGET = 15.2;
				MTL_ENABLE_DEBUG_INFO = INCLUDE_SOURCE;
				MTL_FAST_MATH = YES;
				ONLY_ACTIVE_ARCH = YES;
				SDKROOT = iphoneos;
				SWIFT_ACTIVE_COMPILATION_CONDITIONS = DEBUG;
				SWIFT_OPTIMIZATION_LEVEL = "-Onone";
			};
			name = Debug;
		};
		96FF2EE327E87A5A001F7E60 /* Release */ = {
			isa = XCBuildConfiguration;
			buildSettings = {
				ALWAYS_SEARCH_USER_PATHS = NO;
				CLANG_ANALYZER_NONNULL = YES;
				CLANG_ANALYZER_NUMBER_OBJECT_CONVERSION = YES_AGGRESSIVE;
				CLANG_CXX_LANGUAGE_STANDARD = "gnu++17";
				CLANG_CXX_LIBRARY = "libc++";
				CLANG_ENABLE_MODULES = YES;
				CLANG_ENABLE_OBJC_ARC = YES;
				CLANG_ENABLE_OBJC_WEAK = YES;
				CLANG_WARN_BLOCK_CAPTURE_AUTORELEASING = YES;
				CLANG_WARN_BOOL_CONVERSION = YES;
				CLANG_WARN_COMMA = YES;
				CLANG_WARN_CONSTANT_CONVERSION = YES;
				CLANG_WARN_DEPRECATED_OBJC_IMPLEMENTATIONS = YES;
				CLANG_WARN_DIRECT_OBJC_ISA_USAGE = YES_ERROR;
				CLANG_WARN_DOCUMENTATION_COMMENTS = YES;
				CLANG_WARN_EMPTY_BODY = YES;
				CLANG_WARN_ENUM_CONVERSION = YES;
				CLANG_WARN_INFINITE_RECURSION = YES;
				CLANG_WARN_INT_CONVERSION = YES;
				CLANG_WARN_NON_LITERAL_NULL_CONVERSION = YES;
				CLANG_WARN_OBJC_IMPLICIT_RETAIN_SELF = YES;
				CLANG_WARN_OBJC_LITERAL_CONVERSION = YES;
				CLANG_WARN_OBJC_ROOT_CLASS = YES_ERROR;
				CLANG_WARN_QUOTED_INCLUDE_IN_FRAMEWORK_HEADER = YES;
				CLANG_WARN_RANGE_LOOP_ANALYSIS = YES;
				CLANG_WARN_STRICT_PROTOTYPES = YES;
				CLANG_WARN_SUSPICIOUS_MOVE = YES;
				CLANG_WARN_UNGUARDED_AVAILABILITY = YES_AGGRESSIVE;
				CLANG_WARN_UNREACHABLE_CODE = YES;
				CLANG_WARN__DUPLICATE_METHOD_MATCH = YES;
				COPY_PHASE_STRIP = NO;
				DEBUG_INFORMATION_FORMAT = "dwarf-with-dsym";
				ENABLE_NS_ASSERTIONS = NO;
				ENABLE_STRICT_OBJC_MSGSEND = YES;
				GCC_C_LANGUAGE_STANDARD = gnu11;
				GCC_NO_COMMON_BLOCKS = YES;
				GCC_WARN_64_TO_32_BIT_CONVERSION = YES;
				GCC_WARN_ABOUT_RETURN_TYPE = YES_ERROR;
				GCC_WARN_UNDECLARED_SELECTOR = YES;
				GCC_WARN_UNINITIALIZED_AUTOS = YES_AGGRESSIVE;
				GCC_WARN_UNUSED_FUNCTION = YES;
				GCC_WARN_UNUSED_VARIABLE = YES;
				IPHONEOS_DEPLOYMENT_TARGET = 15.2;
				MTL_ENABLE_DEBUG_INFO = NO;
				MTL_FAST_MATH = YES;
				SDKROOT = iphoneos;
				SWIFT_COMPILATION_MODE = wholemodule;
				SWIFT_OPTIMIZATION_LEVEL = "-O";
				VALIDATE_PRODUCT = YES;
			};
			name = Release;
		};
		96FF2EE527E87A5A001F7E60 /* Debug */ = {
			isa = XCBuildConfiguration;
			buildSettings = {
				ASSETCATALOG_COMPILER_APPICON_NAME = AppIcon;
				ASSETCATALOG_COMPILER_GLOBAL_ACCENT_COLOR_NAME = AccentColor;
				CODE_SIGN_STYLE = Automatic;
				CURRENT_PROJECT_VERSION = 1;
				GENERATE_INFOPLIST_FILE = YES;
				INFOPLIST_FILE = CertificatePinningGraphQL/Info.plist;
				INFOPLIST_KEY_UIApplicationSupportsIndirectInputEvents = YES;
				INFOPLIST_KEY_UILaunchStoryboardName = LaunchScreen;
				INFOPLIST_KEY_UIMainStoryboardFile = Main;
				INFOPLIST_KEY_UISupportedInterfaceOrientations_iPad = "UIInterfaceOrientationPortrait UIInterfaceOrientationPortraitUpsideDown UIInterfaceOrientationLandscapeLeft UIInterfaceOrientationLandscapeRight";
				INFOPLIST_KEY_UISupportedInterfaceOrientations_iPhone = "UIInterfaceOrientationPortrait UIInterfaceOrientationLandscapeLeft UIInterfaceOrientationLandscapeRight";
				LD_RUNPATH_SEARCH_PATHS = (
					"$(inherited)",
					"@executable_path/Frameworks",
				);
				MARKETING_VERSION = 1.0;
				PRODUCT_BUNDLE_IDENTIFIER = com.honeywell.hce.ForgeBuildings.CertificatePinningGraphQL;
				PRODUCT_NAME = "$(TARGET_NAME)";
				SWIFT_EMIT_LOC_STRINGS = YES;
				SWIFT_VERSION = 5.0;
				TARGETED_DEVICE_FAMILY = "1,2";
			};
			name = Debug;
		};
		96FF2EE627E87A5A001F7E60 /* Release */ = {
			isa = XCBuildConfiguration;
			buildSettings = {
				ASSETCATALOG_COMPILER_APPICON_NAME = AppIcon;
				ASSETCATALOG_COMPILER_GLOBAL_ACCENT_COLOR_NAME = AccentColor;
				CODE_SIGN_STYLE = Automatic;
				CURRENT_PROJECT_VERSION = 1;
				GENERATE_INFOPLIST_FILE = YES;
				INFOPLIST_FILE = CertificatePinningGraphQL/Info.plist;
				INFOPLIST_KEY_UIApplicationSupportsIndirectInputEvents = YES;
				INFOPLIST_KEY_UILaunchStoryboardName = LaunchScreen;
				INFOPLIST_KEY_UIMainStoryboardFile = Main;
				INFOPLIST_KEY_UISupportedInterfaceOrientations_iPad = "UIInterfaceOrientationPortrait UIInterfaceOrientationPortraitUpsideDown UIInterfaceOrientationLandscapeLeft UIInterfaceOrientationLandscapeRight";
				INFOPLIST_KEY_UISupportedInterfaceOrientations_iPhone = "UIInterfaceOrientationPortrait UIInterfaceOrientationLandscapeLeft UIInterfaceOrientationLandscapeRight";
				LD_RUNPATH_SEARCH_PATHS = (
					"$(inherited)",
					"@executable_path/Frameworks",
				);
				MARKETING_VERSION = 1.0;
				PRODUCT_BUNDLE_IDENTIFIER = com.honeywell.hce.ForgeBuildings.CertificatePinningGraphQL;
				PRODUCT_NAME = "$(TARGET_NAME)";
				SWIFT_EMIT_LOC_STRINGS = YES;
				SWIFT_VERSION = 5.0;
				TARGETED_DEVICE_FAMILY = "1,2";
			};
			name = Release;
		};
/* End XCBuildConfiguration section */

/* Begin XCConfigurationList section */
		96FF2ECB27E87A55001F7E60 /* Build configuration list for PBXProject "CertificatePinningGraphQL" */ = {
			isa = XCConfigurationList;
			buildConfigurations = (
				96FF2EE227E87A5A001F7E60 /* Debug */,
				96FF2EE327E87A5A001F7E60 /* Release */,
			);
			defaultConfigurationIsVisible = 0;
			defaultConfigurationName = Release;
		};
		96FF2EE427E87A5A001F7E60 /* Build configuration list for PBXNativeTarget "CertificatePinningGraphQL" */ = {
			isa = XCConfigurationList;
			buildConfigurations = (
				96FF2EE527E87A5A001F7E60 /* Debug */,
				96FF2EE627E87A5A001F7E60 /* Release */,
			);
			defaultConfigurationIsVisible = 0;
			defaultConfigurationName = Release;
		};
/* End XCConfigurationList section */

/* Begin XCRemoteSwiftPackageReference section */
		96FF2EE727E87AA6001F7E60 /* XCRemoteSwiftPackageReference "apollo-ios" */ = {
			isa = XCRemoteSwiftPackageReference;
			repositoryURL = "https://github.com/apollographql/apollo-ios.git";
			requirement = {
				kind = upToNextMajorVersion;
				minimumVersion = 0.9.5;
			};
		};
/* End XCRemoteSwiftPackageReference section */

/* Begin XCSwiftPackageProductDependency section */
		96FF2EE827E87AA6001F7E60 /* Apollo */ = {
			isa = XCSwiftPackageProductDependency;
			package = 96FF2EE727E87AA6001F7E60 /* XCRemoteSwiftPackageReference "apollo-ios" */;
			productName = Apollo;
		};
		96FF2EEA27E87AA6001F7E60 /* Apollo-Dynamic */ = {
			isa = XCSwiftPackageProductDependency;
			package = 96FF2EE727E87AA6001F7E60 /* XCRemoteSwiftPackageReference "apollo-ios" */;
			productName = "Apollo-Dynamic";
		};
		96FF2EEC27E87AA6001F7E60 /* ApolloAPI */ = {
			isa = XCSwiftPackageProductDependency;
			package = 96FF2EE727E87AA6001F7E60 /* XCRemoteSwiftPackageReference "apollo-ios" */;
			productName = ApolloAPI;
		};
		96FF2EEE27E87AA6001F7E60 /* ApolloCodegenLib */ = {
			isa = XCSwiftPackageProductDependency;
			package = 96FF2EE727E87AA6001F7E60 /* XCRemoteSwiftPackageReference "apollo-ios" */;
			productName = ApolloCodegenLib;
		};
		96FF2EF027E87AA6001F7E60 /* ApolloSQLite */ = {
			isa = XCSwiftPackageProductDependency;
			package = 96FF2EE727E87AA6001F7E60 /* XCRemoteSwiftPackageReference "apollo-ios" */;
			productName = ApolloSQLite;
		};
		96FF2EF227E87AA6001F7E60 /* ApolloUtils */ = {
			isa = XCSwiftPackageProductDependency;
			package = 96FF2EE727E87AA6001F7E60 /* XCRemoteSwiftPackageReference "apollo-ios" */;
			productName = ApolloUtils;
		};
		96FF2EF427E87AA6001F7E60 /* ApolloWebSocket */ = {
			isa = XCSwiftPackageProductDependency;
			package = 96FF2EE727E87AA6001F7E60 /* XCRemoteSwiftPackageReference "apollo-ios" */;
			productName = ApolloWebSocket;
		};
/* End XCSwiftPackageProductDependency section */
	};
	rootObject = 96FF2EC827E87A55001F7E60 /* Project object */;
}
